
Microsoft Visual Studio Solution File, Format Version 12.00
# Visual Studio 15
VisualStudioVersion = 15.0.33026.149
MinimumVisualStudioVersion = 10.0.40219.1
Project("{FAE04EC0-301F-11D3-BF4B-00C04F79EFBC}") = "PROYECTOFINAL", "PROYECTOFINAL\PROYECTOFINAL.csproj", "{257865C4-9D22-479D-B8DF-772C9F9F0291}"
EndProject
Global
	GlobalSection(SolutionConfigurationPlatforms) = preSolution
		Debug|Any CPU = Debug|Any CPU
		Release|Any CPU = Release|Any CPU
	EndGlobalSection
	GlobalSection(ProjectConfigurationPlatforms) = postSolution
		{257865C4-9D22-479D-B8DF-772C9F9F0291}.Debug|Any CPU.ActiveCfg = Debug|Any CPU
		{257865C4-9D22-479D-B8DF-772C9F9F0291}.Debug|Any CPU.Build.0 = Debug|Any CPU
		{257865C4-9D22-479D-B8DF-772C9F9F0291}.Release|Any CPU.ActiveCfg = Release|Any CPU
		{257865C4-9D22-479D-B8DF-772C9F9F0291}.Release|Any CPU.Build.0 = Release|Any CPU
	EndGlobalSection
	GlobalSection(SolutionProperties) = preSolution
		HideSolutionNode = FALSE
	EndGlobalSection
	GlobalSection(ExtensibilityGlobals) = postSolution
		SolutionGuid = {B3699886-D708-495C-85F5-48F69F92771E}
	EndGlobalSection
EndGlobal
